
Microsoft Visual Studio Solution File, Format Version 12.00
# Visual Studio Version 16
VisualStudioVersion = 16.0.30621.155
MinimumVisualStudioVersion = 10.0.40219.1
Project("{9A19103F-16F7-4668-BE54-9A1E7A4F7556}") = "MS-WOPI", "MS-WOPI.csproj", "{C1D9586C-4D64-494B-856C-2816B35F7154}"
EndProject
Project("{FAE04EC0-301F-11D3-BF4B-00C04F79EFBC}") = "WOPIFileServer", "..\WOPIFileServer\WOPIFileServer.csproj", "{59D5BB9D-F46E-4F76-8E08-FC70E000F07A}"
EndProject
Project("{FAE04EC0-301F-11D3-BF4B-00C04F79EFBC}") = "NUnitTestWOPI", "..\NUnitTestWOPI\NUnitTestWOPI.csproj", "{64B8683E-90F8-4B85-825B-2E1B65A7CD98}"
EndProject
Global
	GlobalSection(SolutionConfigurationPlatforms) = preSolution
		Debug|Any CPU = Debug|Any CPU
		Release|Any CPU = Release|Any CPU
	EndGlobalSection
	GlobalSection(ProjectConfigurationPlatforms) = postSolution
		{C1D9586C-4D64-494B-856C-2816B35F7154}.Debug|Any CPU.ActiveCfg = Debug|Any CPU
		{C1D9586C-4D64-494B-856C-2816B35F7154}.Debug|Any CPU.Build.0 = Debug|Any CPU
		{C1D9586C-4D64-494B-856C-2816B35F7154}.Release|Any CPU.ActiveCfg = Release|Any CPU
		{C1D9586C-4D64-494B-856C-2816B35F7154}.Release|Any CPU.Build.0 = Release|Any CPU
		{59D5BB9D-F46E-4F76-8E08-FC70E000F07A}.Debug|Any CPU.ActiveCfg = Debug|Any CPU
		{59D5BB9D-F46E-4F76-8E08-FC70E000F07A}.Debug|Any CPU.Build.0 = Debug|Any CPU
		{59D5BB9D-F46E-4F76-8E08-FC70E000F07A}.Release|Any CPU.ActiveCfg = Release|Any CPU
		{59D5BB9D-F46E-4F76-8E08-FC70E000F07A}.Release|Any CPU.Build.0 = Release|Any CPU
		{64B8683E-90F8-4B85-825B-2E1B65A7CD98}.Debug|Any CPU.ActiveCfg = Debug|Any CPU
		{64B8683E-90F8-4B85-825B-2E1B65A7CD98}.Debug|Any CPU.Build.0 = Debug|Any CPU
		{64B8683E-90F8-4B85-825B-2E1B65A7CD98}.Release|Any CPU.ActiveCfg = Release|Any CPU
		{64B8683E-90F8-4B85-825B-2E1B65A7CD98}.Release|Any CPU.Build.0 = Release|Any CPU
	EndGlobalSection
	GlobalSection(SolutionProperties) = preSolution
		HideSolutionNode = FALSE
	EndGlobalSection
	GlobalSection(ExtensibilityGlobals) = postSolution
		SolutionGuid = {D516BC88-8DC0-4B44-9834-21BCA9646741}
	EndGlobalSection
EndGlobal
